
Microsoft Visual Studio Solution File, Format Version 12.00
# Visual Studio 15
VisualStudioVersion = 15.0.28307.852
MinimumVisualStudioVersion = 10.0.40219.1
Project("{FAE04EC0-301F-11D3-BF4B-00C04F79EFBC}") = "ShopGame", "ShopGame\ShopGame.csproj", "{56B747C9-F4ED-49F7-98A5-92E89467D9F9}"
EndProject
Project("{FAE04EC0-301F-11D3-BF4B-00C04F79EFBC}") = "CraftingLibrary", "CraftingLibrary\CraftingLibrary.csproj", "{35815C19-F0FF-480D-A90D-9D4320C46168}"
EndProject
Project("{FAE04EC0-301F-11D3-BF4B-00C04F79EFBC}") = "EconomyLibrary", "EconomyLibrary\EconomyLibrary.csproj", "{ACF8645E-2B55-4278-917E-5E71973D4539}"
EndProject
Global
	GlobalSection(SolutionConfigurationPlatforms) = preSolution
		Debug|Any CPU = Debug|Any CPU
		Debug|x86 = Debug|x86
		Release|Any CPU = Release|Any CPU
		Release|x86 = Release|x86
	EndGlobalSection
	GlobalSection(ProjectConfigurationPlatforms) = postSolution
		{56B747C9-F4ED-49F7-98A5-92E89467D9F9}.Debug|Any CPU.ActiveCfg = Debug|x86
		{56B747C9-F4ED-49F7-98A5-92E89467D9F9}.Debug|x86.ActiveCfg = Debug|x86
		{56B747C9-F4ED-49F7-98A5-92E89467D9F9}.Debug|x86.Build.0 = Debug|x86
		{56B747C9-F4ED-49F7-98A5-92E89467D9F9}.Release|Any CPU.ActiveCfg = Release|x86
		{56B747C9-F4ED-49F7-98A5-92E89467D9F9}.Release|x86.ActiveCfg = Release|x86
		{56B747C9-F4ED-49F7-98A5-92E89467D9F9}.Release|x86.Build.0 = Release|x86
		{35815C19-F0FF-480D-A90D-9D4320C46168}.Debug|Any CPU.ActiveCfg = Debug|x86
		{35815C19-F0FF-480D-A90D-9D4320C46168}.Debug|x86.ActiveCfg = Debug|x86
		{35815C19-F0FF-480D-A90D-9D4320C46168}.Debug|x86.Build.0 = Debug|x86
		{35815C19-F0FF-480D-A90D-9D4320C46168}.Release|Any CPU.ActiveCfg = Release|x86
		{35815C19-F0FF-480D-A90D-9D4320C46168}.Release|x86.ActiveCfg = Release|x86
		{35815C19-F0FF-480D-A90D-9D4320C46168}.Release|x86.Build.0 = Release|x86
		{ACF8645E-2B55-4278-917E-5E71973D4539}.Debug|Any CPU.ActiveCfg = Debug|x86
		{ACF8645E-2B55-4278-917E-5E71973D4539}.Debug|x86.ActiveCfg = Debug|x86
		{ACF8645E-2B55-4278-917E-5E71973D4539}.Debug|x86.Build.0 = Debug|x86
		{ACF8645E-2B55-4278-917E-5E71973D4539}.Release|Any CPU.ActiveCfg = Release|x86
		{ACF8645E-2B55-4278-917E-5E71973D4539}.Release|x86.ActiveCfg = Release|x86
		{ACF8645E-2B55-4278-917E-5E71973D4539}.Release|x86.Build.0 = Release|x86
	EndGlobalSection
	GlobalSection(SolutionProperties) = preSolution
		HideSolutionNode = FALSE
	EndGlobalSection
	GlobalSection(ExtensibilityGlobals) = postSolution
		SolutionGuid = {58B94B62-AAF1-4FC2-B102-251FDBBD448B}
	EndGlobalSection
EndGlobal
